// !$*UTF8*$!
{
	archiveVersion = 1;
	classes = {
	};
	objectVersion = 55;
	objects = {

/* Begin PBXBuildFile section */
		6E404D3128155D430050169A /* ControlView.swift in Sources */ = {isa = PBXBuildFile; fileRef = 6E404D3028155D430050169A /* ControlView.swift */; };
		6E404D3328155D510050169A /* SettingsView.swift in Sources */ = {isa = PBXBuildFile; fileRef = 6E404D3228155D510050169A /* SettingsView.swift */; };
		6E404D4E282A80E40050169A /* ContactsPicker.swift in Sources */ = {isa = PBXBuildFile; fileRef = 6E404D4D282A80E40050169A /* ContactsPicker.swift */; };
		6E764C6C2841F6CE00E69CC7 /* PhoneNumberFormatter.swift in Sources */ = {isa = PBXBuildFile; fileRef = 6E764C6B2841F6CE00E69CC7 /* PhoneNumberFormatter.swift */; };
		6EA813F22810396B0006558B /* CarAlarmControlApp.swift in Sources */ = {isa = PBXBuildFile; fileRef = 6EA813F12810396B0006558B /* CarAlarmControlApp.swift */; };
		6EA813F42810396B0006558B /* ContentView.swift in Sources */ = {isa = PBXBuildFile; fileRef = 6EA813F32810396B0006558B /* ContentView.swift */; };
		6EA813F62810396D0006558B /* Assets.xcassets in Resources */ = {isa = PBXBuildFile; fileRef = 6EA813F52810396D0006558B /* Assets.xcassets */; };
		6EA813F92810396D0006558B /* Preview Assets.xcassets in Resources */ = {isa = PBXBuildFile; fileRef = 6EA813F82810396D0006558B /* Preview Assets.xcassets */; };
		6EA814002810398D0006558B /* Extensions.swift in Sources */ = {isa = PBXBuildFile; fileRef = 6EA813FF2810398D0006558B /* Extensions.swift */; };
		6EA81402281039C70006558B /* CircleButton.swift in Sources */ = {isa = PBXBuildFile; fileRef = 6EA81401281039C70006558B /* CircleButton.swift */; };
		6EA81404281041F50006558B /* CarAlarmController.swift in Sources */ = {isa = PBXBuildFile; fileRef = 6EA81403281041F50006558B /* CarAlarmController.swift */; };
		6EB08CFB28351A5E00C03A95 /* PhoneField.swift in Sources */ = {isa = PBXBuildFile; fileRef = 6EB08CFA28351A5E00C03A95 /* PhoneField.swift */; };
/* End PBXBuildFile section */

/* Begin PBXFileReference section */
		6E404D3028155D430050169A /* ControlView.swift */ = {isa = PBXFileReference; lastKnownFileType = sourcecode.swift; path = ControlView.swift; sourceTree = "<group>"; };
		6E404D3228155D510050169A /* SettingsView.swift */ = {isa = PBXFileReference; lastKnownFileType = sourcecode.swift; path = SettingsView.swift; sourceTree = "<group>"; };
		6E404D4D282A80E40050169A /* ContactsPicker.swift */ = {isa = PBXFileReference; lastKnownFileType = sourcecode.swift; path = ContactsPicker.swift; sourceTree = "<group>"; };
		6E764C6B2841F6CE00E69CC7 /* PhoneNumberFormatter.swift */ = {isa = PBXFileReference; lastKnownFileType = sourcecode.swift; path = PhoneNumberFormatter.swift; sourceTree = "<group>"; };
		6EA813EE2810396B0006558B /* CarAlarmControl.app */ = {isa = PBXFileReference; explicitFileType = wrapper.application; includeInIndex = 0; path = CarAlarmControl.app; sourceTree = BUILT_PRODUCTS_DIR; };
		6EA813F12810396B0006558B /* CarAlarmControlApp.swift */ = {isa = PBXFileReference; lastKnownFileType = sourcecode.swift; path = CarAlarmControlApp.swift; sourceTree = "<group>"; };
		6EA813F32810396B0006558B /* ContentView.swift */ = {isa = PBXFileReference; lastKnownFileType = sourcecode.swift; path = ContentView.swift; sourceTree = "<group>"; };
		6EA813F52810396D0006558B /* Assets.xcassets */ = {isa = PBXFileReference; lastKnownFileType = folder.assetcatalog; path = Assets.xcassets; sourceTree = "<group>"; };
		6EA813F82810396D0006558B /* Preview Assets.xcassets */ = {isa = PBXFileReference; lastKnownFileType = folder.assetcatalog; path = "Preview Assets.xcassets"; sourceTree = "<group>"; };
		6EA813FF2810398D0006558B /* Extensions.swift */ = {isa = PBXFileReference; lastKnownFileType = sourcecode.swift; path = Extensions.swift; sourceTree = "<group>"; };
		6EA81401281039C70006558B /* CircleButton.swift */ = {isa = PBXFileReference; lastKnownFileType = sourcecode.swift; path = CircleButton.swift; sourceTree = "<group>"; };
		6EA81403281041F50006558B /* CarAlarmController.swift */ = {isa = PBXFileReference; lastKnownFileType = sourcecode.swift; path = CarAlarmController.swift; sourceTree = "<group>"; };
		6EA8140728122D1D0006558B /* Info.plist */ = {isa = PBXFileReference; lastKnownFileType = text.plist; path = Info.plist; sourceTree = "<group>"; };
		6EB08CFA28351A5E00C03A95 /* PhoneField.swift */ = {isa = PBXFileReference; lastKnownFileType = sourcecode.swift; path = PhoneField.swift; sourceTree = "<group>"; };
/* End PBXFileReference section */

/* Begin PBXFrameworksBuildPhase section */
		6EA813EB2810396B0006558B /* Frameworks */ = {
			isa = PBXFrameworksBuildPhase;
			buildActionMask = 2147483647;
			files = (
			);
			runOnlyForDeploymentPostprocessing = 0;
		};
/* End PBXFrameworksBuildPhase section */

/* Begin PBXGroup section */
		6E764C6D284427B900E69CC7 /* PhoneField */ = {
			isa = PBXGroup;
			children = (
				6EB08CFA28351A5E00C03A95 /* PhoneField.swift */,
				6E764C6B2841F6CE00E69CC7 /* PhoneNumberFormatter.swift */,
			);
			path = PhoneField;
			sourceTree = "<group>";
		};
		6E764C6E2844285D00E69CC7 /* Views */ = {
			isa = PBXGroup;
			children = (
				6EA81401281039C70006558B /* CircleButton.swift */,
				6EA813F32810396B0006558B /* ContentView.swift */,
				6E404D3028155D430050169A /* ControlView.swift */,
				6E404D3228155D510050169A /* SettingsView.swift */,
			);
			path = Views;
			sourceTree = "<group>";
		};
		6E764C6F2844287600E69CC7 /* Model */ = {
			isa = PBXGroup;
			children = (
				6EA81403281041F50006558B /* CarAlarmController.swift */,
			);
			path = Model;
			sourceTree = "<group>";
		};
		6E764C70284428B100E69CC7 /* Helpers */ = {
			isa = PBXGroup;
			children = (
				6EA813FF2810398D0006558B /* Extensions.swift */,
			);
			path = Helpers;
			sourceTree = "<group>";
		};
		6E764C71284428BD00E69CC7 /* ContactsPicker */ = {
			isa = PBXGroup;
			children = (
				6E404D4D282A80E40050169A /* ContactsPicker.swift */,
			);
			path = ContactsPicker;
			sourceTree = "<group>";
		};
		6EA813E52810396B0006558B = {
			isa = PBXGroup;
			children = (
				6EA813F02810396B0006558B /* CarAlarmControl */,
				6EA813EF2810396B0006558B /* Products */,
			);
			sourceTree = "<group>";
		};
		6EA813EF2810396B0006558B /* Products */ = {
			isa = PBXGroup;
			children = (
				6EA813EE2810396B0006558B /* CarAlarmControl.app */,
			);
			name = Products;
			sourceTree = "<group>";
		};
		6EA813F02810396B0006558B /* CarAlarmControl */ = {
			isa = PBXGroup;
			children = (
				6E764C70284428B100E69CC7 /* Helpers */,
				6E764C6F2844287600E69CC7 /* Model */,
				6E764C6E2844285D00E69CC7 /* Views */,
				6E764C71284428BD00E69CC7 /* ContactsPicker */,
				6E764C6D284427B900E69CC7 /* PhoneField */,
				6EA813F12810396B0006558B /* CarAlarmControlApp.swift */,
				6EA813F52810396D0006558B /* Assets.xcassets */,
				6EA8140728122D1D0006558B /* Info.plist */,
				6EA813F72810396D0006558B /* Preview Content */,
			);
			path = CarAlarmControl;
			sourceTree = "<group>";
		};
		6EA813F72810396D0006558B /* Preview Content */ = {
			isa = PBXGroup;
			children = (
				6EA813F82810396D0006558B /* Preview Assets.xcassets */,
			);
			path = "Preview Content";
			sourceTree = "<group>";
		};
/* End PBXGroup section */

/* Begin PBXNativeTarget section */
		6EA813ED2810396B0006558B /* CarAlarmControl */ = {
			isa = PBXNativeTarget;
			buildConfigurationList = 6EA813FC2810396D0006558B /* Build configuration list for PBXNativeTarget "CarAlarmControl" */;
			buildPhases = (
				6EA813EA2810396B0006558B /* Sources */,
				6EA813EB2810396B0006558B /* Frameworks */,
				6EA813EC2810396B0006558B /* Resources */,
			);
			buildRules = (
			);
			dependencies = (
			);
			name = CarAlarmControl;
			packageProductDependencies = (
			);
			productName = CarAlarmControl;
			productReference = 6EA813EE2810396B0006558B /* CarAlarmControl.app */;
			productType = "com.apple.product-type.application";
		};
/* End PBXNativeTarget section */

/* Begin PBXProject section */
		6EA813E62810396B0006558B /* Project object */ = {
			isa = PBXProject;
			attributes = {
				BuildIndependentTargetsInParallel = 1;
				LastSwiftUpdateCheck = 1330;
				LastUpgradeCheck = 1330;
				TargetAttributes = {
					6EA813ED2810396B0006558B = {
						CreatedOnToolsVersion = 13.3.1;
					};
				};
			};
			buildConfigurationList = 6EA813E92810396B0006558B /* Build configuration list for PBXProject "CarAlarmControl" */;
			compatibilityVersion = "Xcode 13.0";
			developmentRegion = en;
			hasScannedForEncodings = 0;
			knownRegions = (
				en,
				Base,
			);
			mainGroup = 6EA813E52810396B0006558B;
			packageReferences = (
			);
			productRefGroup = 6EA813EF2810396B0006558B /* Products */;
			projectDirPath = "";
			projectRoot = "";
			targets = (
				6EA813ED2810396B0006558B /* CarAlarmControl */,
			);
		};
/* End PBXProject section */

/* Begin PBXResourcesBuildPhase section */
		6EA813EC2810396B0006558B /* Resources */ = {
			isa = PBXResourcesBuildPhase;
			buildActionMask = 2147483647;
			files = (
				6EA813F92810396D0006558B /* Preview Assets.xcassets in Resources */,
				6EA813F62810396D0006558B /* Assets.xcassets in Resources */,
			);
			runOnlyForDeploymentPostprocessing = 0;
		};
/* End PBXResourcesBuildPhase section */

/* Begin PBXSourcesBuildPhase section */
		6EA813EA2810396B0006558B /* Sources */ = {
			isa = PBXSourcesBuildPhase;
			buildActionMask = 2147483647;
			files = (
				6EA813F42810396B0006558B /* ContentView.swift in Sources */,
				6E404D3328155D510050169A /* SettingsView.swift in Sources */,
				6EA81404281041F50006558B /* CarAlarmController.swift in Sources */,
				6EB08CFB28351A5E00C03A95 /* PhoneField.swift in Sources */,
				6EA814002810398D0006558B /* Extensions.swift in Sources */,
				6E404D4E282A80E40050169A /* ContactsPicker.swift in Sources */,
				6EA813F22810396B0006558B /* CarAlarmControlApp.swift in Sources */,
				6E404D3128155D430050169A /* ControlView.swift in Sources */,
				6E764C6C2841F6CE00E69CC7 /* PhoneNumberFormatter.swift in Sources */,
				6EA81402281039C70006558B /* CircleButton.swift in Sources */,
			);
			runOnlyForDeploymentPostprocessing = 0;
		};
/* End PBXSourcesBuildPhase section */

/* Begin XCBuildConfiguration section */
		6EA813FA2810396D0006558B /* Debug */ = {
			isa = XCBuildConfiguration;
			buildSettings = {
				ALWAYS_SEARCH_USER_PATHS = NO;
				CLANG_ANALYZER_NONNULL = YES;
				CLANG_ANALYZER_NUMBER_OBJECT_CONVERSION = YES_AGGRESSIVE;
				CLANG_CXX_LANGUAGE_STANDARD = "gnu++17";
				CLANG_ENABLE_MODULES = YES;
				CLANG_ENABLE_OBJC_ARC = YES;
				CLANG_ENABLE_OBJC_WEAK = YES;
				CLANG_WARN_BLOCK_CAPTURE_AUTORELEASING = YES;
				CLANG_WARN_BOOL_CONVERSION = YES;
				CLANG_WARN_COMMA = YES;
				CLANG_WARN_CONSTANT_CONVERSION = YES;
				CLANG_WARN_DEPRECATED_OBJC_IMPLEMENTATIONS = YES;
				CLANG_WARN_DIRECT_OBJC_ISA_USAGE = YES_ERROR;
				CLANG_WARN_DOCUMENTATION_COMMENTS = YES;
				CLANG_WARN_EMPTY_BODY = YES;
				CLANG_WARN_ENUM_CONVERSION = YES;
				CLANG_WARN_INFINITE_RECURSION = YES;
				CLANG_WARN_INT_CONVERSION = YES;
				CLANG_WARN_NON_LITERAL_NULL_CONVERSION = YES;
				CLANG_WARN_OBJC_IMPLICIT_RETAIN_SELF = YES;
				CLANG_WARN_OBJC_LITERAL_CONVERSION = YES;
				CLANG_WARN_OBJC_ROOT_CLASS = YES_ERROR;
				CLANG_WARN_QUOTED_INCLUDE_IN_FRAMEWORK_HEADER = YES;
				CLANG_WARN_RANGE_LOOP_ANALYSIS = YES;
				CLANG_WARN_STRICT_PROTOTYPES = YES;
				CLANG_WARN_SUSPICIOUS_MOVE = YES;
				CLANG_WARN_UNGUARDED_AVAILABILITY = YES_AGGRESSIVE;
				CLANG_WARN_UNREACHABLE_CODE = YES;
				CLANG_WARN__DUPLICATE_METHOD_MATCH = YES;
				COPY_PHASE_STRIP = NO;
				DEBUG_INFORMATION_FORMAT = dwarf;
				ENABLE_STRICT_OBJC_MSGSEND = YES;
				ENABLE_TESTABILITY = YES;
				GCC_C_LANGUAGE_STANDARD = gnu11;
				GCC_DYNAMIC_NO_PIC = NO;
				GCC_NO_COMMON_BLOCKS = YES;
				GCC_OPTIMIZATION_LEVEL = 0;
				GCC_PREPROCESSOR_DEFINITIONS = (
					"DEBUG=1",
					"$(inherited)",
				);
				GCC_WARN_64_TO_32_BIT_CONVERSION = YES;
				GCC_WARN_ABOUT_RETURN_TYPE = YES_ERROR;
				GCC_WARN_UNDECLARED_SELECTOR = YES;
				GCC_WARN_UNINITIALIZED_AUTOS = YES_AGGRESSIVE;
				GCC_WARN_UNUSED_FUNCTION = YES;
				GCC_WARN_UNUSED_VARIABLE = YES;
				IPHONEOS_DEPLOYMENT_TARGET = 15.4;
				MTL_ENABLE_DEBUG_INFO = INCLUDE_SOURCE;
				MTL_FAST_MATH = YES;
				ONLY_ACTIVE_ARCH = YES;
				SDKROOT = iphoneos;
				SWIFT_ACTIVE_COMPILATION_CONDITIONS = DEBUG;
				SWIFT_OPTIMIZATION_LEVEL = "-Onone";
			};
			name = Debug;
		};
		6EA813FB2810396D0006558B /* Release */ = {
			isa = XCBuildConfiguration;
			buildSettings = {
				ALWAYS_SEARCH_USER_PATHS = NO;
				CLANG_ANALYZER_NONNULL = YES;
				CLANG_ANALYZER_NUMBER_OBJECT_CONVERSION = YES_AGGRESSIVE;
				CLANG_CXX_LANGUAGE_STANDARD = "gnu++17";
				CLANG_ENABLE_MODULES = YES;
				CLANG_ENABLE_OBJC_ARC = YES;
				CLANG_ENABLE_OBJC_WEAK = YES;
				CLANG_WARN_BLOCK_CAPTURE_AUTORELEASING = YES;
				CLANG_WARN_BOOL_CONVERSION = YES;
				CLANG_WARN_COMMA = YES;
				CLANG_WARN_CONSTANT_CONVERSION = YES;
				CLANG_WARN_DEPRECATED_OBJC_IMPLEMENTATIONS = YES;
				CLANG_WARN_DIRECT_OBJC_ISA_USAGE = YES_ERROR;
				CLANG_WARN_DOCUMENTATION_COMMENTS = YES;
				CLANG_WARN_EMPTY_BODY = YES;
				CLANG_WARN_ENUM_CONVERSION = YES;
				CLANG_WARN_INFINITE_RECURSION = YES;
				CLANG_WARN_INT_CONVERSION = YES;
				CLANG_WARN_NON_LITERAL_NULL_CONVERSION = YES;
				CLANG_WARN_OBJC_IMPLICIT_RETAIN_SELF = YES;
				CLANG_WARN_OBJC_LITERAL_CONVERSION = YES;
				CLANG_WARN_OBJC_ROOT_CLASS = YES_ERROR;
				CLANG_WARN_QUOTED_INCLUDE_IN_FRAMEWORK_HEADER = YES;
				CLANG_WARN_RANGE_LOOP_ANALYSIS = YES;
				CLANG_WARN_STRICT_PROTOTYPES = YES;
				CLANG_WARN_SUSPICIOUS_MOVE = YES;
				CLANG_WARN_UNGUARDED_AVAILABILITY = YES_AGGRESSIVE;
				CLANG_WARN_UNREACHABLE_CODE = YES;
				CLANG_WARN__DUPLICATE_METHOD_MATCH = YES;
				COPY_PHASE_STRIP = NO;
				DEBUG_INFORMATION_FORMAT = "dwarf-with-dsym";
				ENABLE_NS_ASSERTIONS = NO;
				ENABLE_STRICT_OBJC_MSGSEND = YES;
				GCC_C_LANGUAGE_STANDARD = gnu11;
				GCC_NO_COMMON_BLOCKS = YES;
				GCC_WARN_64_TO_32_BIT_CONVERSION = YES;
				GCC_WARN_ABOUT_RETURN_TYPE = YES_ERROR;
				GCC_WARN_UNDECLARED_SELECTOR = YES;
				GCC_WARN_UNINITIALIZED_AUTOS = YES_AGGRESSIVE;
				GCC_WARN_UNUSED_FUNCTION = YES;
				GCC_WARN_UNUSED_VARIABLE = YES;
				IPHONEOS_DEPLOYMENT_TARGET = 15.4;
				MTL_ENABLE_DEBUG_INFO = NO;
				MTL_FAST_MATH = YES;
				SDKROOT = iphoneos;
				SWIFT_COMPILATION_MODE = wholemodule;
				SWIFT_OPTIMIZATION_LEVEL = "-O";
				VALIDATE_PRODUCT = YES;
			};
			name = Release;
		};
		6EA813FD2810396D0006558B /* Debug */ = {
			isa = XCBuildConfiguration;
			buildSettings = {
				ASSETCATALOG_COMPILER_APPICON_NAME = AppIcon;
				ASSETCATALOG_COMPILER_GLOBAL_ACCENT_COLOR_NAME = AccentColor;
				CODE_SIGN_STYLE = Automatic;
				CURRENT_PROJECT_VERSION = 1;
				DEVELOPMENT_ASSET_PATHS = "\"CarAlarmControl/Preview Content\"";
				DEVELOPMENT_TEAM = 5454Z35HY9;
				ENABLE_PREVIEWS = YES;
				GENERATE_INFOPLIST_FILE = YES;
				INFOPLIST_FILE = CarAlarmControl/Info.plist;
				INFOPLIST_KEY_UIApplicationSceneManifest_Generation = YES;
				INFOPLIST_KEY_UIApplicationSupportsIndirectInputEvents = YES;
				INFOPLIST_KEY_UILaunchScreen_Generation = YES;
				INFOPLIST_KEY_UISupportedInterfaceOrientations_iPad = "UIInterfaceOrientationPortrait UIInterfaceOrientationPortraitUpsideDown UIInterfaceOrientationLandscapeLeft UIInterfaceOrientationLandscapeRight";
				INFOPLIST_KEY_UISupportedInterfaceOrientations_iPhone = "UIInterfaceOrientationPortrait UIInterfaceOrientationLandscapeLeft UIInterfaceOrientationLandscapeRight";
				LD_RUNPATH_SEARCH_PATHS = (
					"$(inherited)",
					"@executable_path/Frameworks",
				);
				MARKETING_VERSION = 1.0;
				PRODUCT_BUNDLE_IDENTIFIER = com.CCETeam.CarAlarmControl;
				PRODUCT_NAME = "$(TARGET_NAME)";
				SWIFT_EMIT_LOC_STRINGS = YES;
				SWIFT_VERSION = 5.0;
				TARGETED_DEVICE_FAMILY = "1,2";
			};
			name = Debug;
		};
		6EA813FE2810396D0006558B /* Release */ = {
			isa = XCBuildConfiguration;
			buildSettings = {
				ASSETCATALOG_COMPILER_APPICON_NAME = AppIcon;
				ASSETCATALOG_COMPILER_GLOBAL_ACCENT_COLOR_NAME = AccentColor;
				CODE_SIGN_STYLE = Automatic;
				CURRENT_PROJECT_VERSION = 1;
				DEVELOPMENT_ASSET_PATHS = "\"CarAlarmControl/Preview Content\"";
				DEVELOPMENT_TEAM = 5454Z35HY9;
				ENABLE_PREVIEWS = YES;
				GENERATE_INFOPLIST_FILE = YES;
				INFOPLIST_FILE = CarAlarmControl/Info.plist;
				INFOPLIST_KEY_UIApplicationSceneManifest_Generation = YES;
				INFOPLIST_KEY_UIApplicationSupportsIndirectInputEvents = YES;
				INFOPLIST_KEY_UILaunchScreen_Generation = YES;
				INFOPLIST_KEY_UISupportedInterfaceOrientations_iPad = "UIInterfaceOrientationPortrait UIInterfaceOrientationPortraitUpsideDown UIInterfaceOrientationLandscapeLeft UIInterfaceOrientationLandscapeRight";
				INFOPLIST_KEY_UISupportedInterfaceOrientations_iPhone = "UIInterfaceOrientationPortrait UIInterfaceOrientationLandscapeLeft UIInterfaceOrientationLandscapeRight";
				LD_RUNPATH_SEARCH_PATHS = (
					"$(inherited)",
					"@executable_path/Frameworks",
				);
				MARKETING_VERSION = 1.0;
				PRODUCT_BUNDLE_IDENTIFIER = com.CCETeam.CarAlarmControl;
				PRODUCT_NAME = "$(TARGET_NAME)";
				SWIFT_EMIT_LOC_STRINGS = YES;
				SWIFT_VERSION = 5.0;
				TARGETED_DEVICE_FAMILY = "1,2";
			};
			name = Release;
		};
/* End XCBuildConfiguration section */

/* Begin XCConfigurationList section */
		6EA813E92810396B0006558B /* Build configuration list for PBXProject "CarAlarmControl" */ = {
			isa = XCConfigurationList;
			buildConfigurations = (
				6EA813FA2810396D0006558B /* Debug */,
				6EA813FB2810396D0006558B /* Release */,
			);
			defaultConfigurationIsVisible = 0;
			defaultConfigurationName = Release;
		};
		6EA813FC2810396D0006558B /* Build configuration list for PBXNativeTarget "CarAlarmControl" */ = {
			isa = XCConfigurationList;
			buildConfigurations = (
				6EA813FD2810396D0006558B /* Debug */,
				6EA813FE2810396D0006558B /* Release */,
			);
			defaultConfigurationIsVisible = 0;
			defaultConfigurationName = Release;
		};
/* End XCConfigurationList section */
	};
	rootObject = 6EA813E62810396B0006558B /* Project object */;
}
